
Microsoft Visual Studio Solution File, Format Version 12.00
# Visual Studio Version 17
VisualStudioVersion = 17.10.35013.160
MinimumVisualStudioVersion = 10.0.40219.1
Project("{2150E333-8FDC-42A3-9474-1A3956D46DE8}") = "Services", "Services", "{B742FD7E-8063-4A9B-ABBE-5E058A32C407}"
EndProject
Project("{2150E333-8FDC-42A3-9474-1A3956D46DE8}") = "Catalog", "Catalog", "{385E3184-F6DD-41B5-86EB-64F177BCCC2C}"
EndProject
Project("{9A19103F-16F7-4668-BE54-9A1E7A4F7556}") = "Catalog.API", "Services\Catalog\Catalog.API\Catalog.API.csproj", "{6EC7C8D1-A2C0-4541-822A-97B1F76812B9}"
EndProject
Project("{2150E333-8FDC-42A3-9474-1A3956D46DE8}") = "BuildingBlocks", "BuildingBlocks", "{FA8298E0-ABDD-40B7-A844-979BA5B35546}"
EndProject
Project("{9A19103F-16F7-4668-BE54-9A1E7A4F7556}") = "BuildingBlocks", "BuildingBlocks\BuildingBlocks\BuildingBlocks.csproj", "{5E2EB7F5-999D-4E0C-B9FA-556A02FE1DC6}"
EndProject
Project("{E53339B2-1760-4266-BCC7-CA923CBCF16C}") = "docker-compose", "docker-compose.dcproj", "{A7779CE6-1AE8-4023-A6E3-463F0EB7B359}"
EndProject
Project("{2150E333-8FDC-42A3-9474-1A3956D46DE8}") = "Basket", "Basket", "{0BF1F60A-C0A0-44BC-ADBC-B077EB555A93}"
EndProject
Project("{9A19103F-16F7-4668-BE54-9A1E7A4F7556}") = "Basket.API", "Services\Basket\Basket.API\Basket.API.csproj", "{CF8604AD-A5DC-4A86-B81E-A721062BC58C}"
EndProject
Project("{2150E333-8FDC-42A3-9474-1A3956D46DE8}") = "Discount", "Discount", "{D94AE203-4F01-406E-9BEC-D26B733BCCC0}"
EndProject
Project("{9A19103F-16F7-4668-BE54-9A1E7A4F7556}") = "Discount.Grpc", "Services\Discount\Discount.Grpc\Discount.Grpc.csproj", "{F48CBF6B-6979-4075-9425-69A5B2B673B1}"
EndProject
Project("{2150E333-8FDC-42A3-9474-1A3956D46DE8}") = "Ordering", "Ordering", "{65316DBF-1CA3-4ADB-BE52-202F3FA4B83F}"
EndProject
Project("{9A19103F-16F7-4668-BE54-9A1E7A4F7556}") = "Ordering.API", "Services\Ordering\Ordering.API\Ordering.API.csproj", "{538AC808-DC73-49C6-8053-77D0F07A3B14}"
EndProject
Project("{9A19103F-16F7-4668-BE54-9A1E7A4F7556}") = "Ordering.Domain", "Services\Ordering\Ordering.Domain\Ordering.Domain.csproj", "{E419DE24-5C12-46FB-AAA1-426F54692E50}"
EndProject
Project("{9A19103F-16F7-4668-BE54-9A1E7A4F7556}") = "Ordering.Application", "Services\Ordering\Ordering.Application\Ordering.Application.csproj", "{D8E3C63A-66A3-46EA-B0EF-9FA3F279396F}"
EndProject
Project("{9A19103F-16F7-4668-BE54-9A1E7A4F7556}") = "Ordering.Infrastructure", "Services\Ordering\Ordering.Infrastructure\Ordering.Infrastructure.csproj", "{C7B667AD-DF3C-4420-BE37-0A1F8E13B197}"
EndProject
Project("{9A19103F-16F7-4668-BE54-9A1E7A4F7556}") = "BuildingBlocks.Messaging", "BuildingBlocks\BuildingBlocks.Messaging\BuildingBlocks.Messaging.csproj", "{9CF287E8-AD7D-4F2B-B1B8-9AAEF33A70C1}"
EndProject
Project("{2150E333-8FDC-42A3-9474-1A3956D46DE8}") = "ApiGateways", "ApiGateways", "{A318200B-3D1D-4BF4-AAA0-747623ABF649}"
EndProject
Project("{FAE04EC0-301F-11D3-BF4B-00C04F79EFBC}") = "YarpApiGateway", "ApiGateways\YarpApiGateway\YarpApiGateway.csproj", "{4A8CE9A3-9434-4791-AFBA-213E6D17FB64}"
EndProject
Project("{2150E333-8FDC-42A3-9474-1A3956D46DE8}") = "WebApps", "WebApps", "{2EDFE404-2057-4A6E-B3A3-FE87C8881DD4}"
EndProject
Project("{FAE04EC0-301F-11D3-BF4B-00C04F79EFBC}") = "Shopping.Web", "WebApps\Shopping.Web\Shopping.Web.csproj", "{8654F9FA-007C-4E72-A73E-5BB488CDA16C}"
EndProject
Global
	GlobalSection(SolutionConfigurationPlatforms) = preSolution
		Debug|Any CPU = Debug|Any CPU
		Release|Any CPU = Release|Any CPU
	EndGlobalSection
	GlobalSection(ProjectConfigurationPlatforms) = postSolution
		{6EC7C8D1-A2C0-4541-822A-97B1F76812B9}.Debug|Any CPU.ActiveCfg = Debug|Any CPU
		{6EC7C8D1-A2C0-4541-822A-97B1F76812B9}.Debug|Any CPU.Build.0 = Debug|Any CPU
		{6EC7C8D1-A2C0-4541-822A-97B1F76812B9}.Release|Any CPU.ActiveCfg = Release|Any CPU
		{6EC7C8D1-A2C0-4541-822A-97B1F76812B9}.Release|Any CPU.Build.0 = Release|Any CPU
		{5E2EB7F5-999D-4E0C-B9FA-556A02FE1DC6}.Debug|Any CPU.ActiveCfg = Debug|Any CPU
		{5E2EB7F5-999D-4E0C-B9FA-556A02FE1DC6}.Debug|Any CPU.Build.0 = Debug|Any CPU
		{5E2EB7F5-999D-4E0C-B9FA-556A02FE1DC6}.Release|Any CPU.ActiveCfg = Release|Any CPU
		{5E2EB7F5-999D-4E0C-B9FA-556A02FE1DC6}.Release|Any CPU.Build.0 = Release|Any CPU
		{A7779CE6-1AE8-4023-A6E3-463F0EB7B359}.Debug|Any CPU.ActiveCfg = Debug|Any CPU
		{A7779CE6-1AE8-4023-A6E3-463F0EB7B359}.Debug|Any CPU.Build.0 = Debug|Any CPU
		{A7779CE6-1AE8-4023-A6E3-463F0EB7B359}.Release|Any CPU.ActiveCfg = Release|Any CPU
		{A7779CE6-1AE8-4023-A6E3-463F0EB7B359}.Release|Any CPU.Build.0 = Release|Any CPU
		{CF8604AD-A5DC-4A86-B81E-A721062BC58C}.Debug|Any CPU.ActiveCfg = Debug|Any CPU
		{CF8604AD-A5DC-4A86-B81E-A721062BC58C}.Debug|Any CPU.Build.0 = Debug|Any CPU
		{CF8604AD-A5DC-4A86-B81E-A721062BC58C}.Release|Any CPU.ActiveCfg = Release|Any CPU
		{CF8604AD-A5DC-4A86-B81E-A721062BC58C}.Release|Any CPU.Build.0 = Release|Any CPU
		{F48CBF6B-6979-4075-9425-69A5B2B673B1}.Debug|Any CPU.ActiveCfg = Debug|Any CPU
		{F48CBF6B-6979-4075-9425-69A5B2B673B1}.Debug|Any CPU.Build.0 = Debug|Any CPU
		{F48CBF6B-6979-4075-9425-69A5B2B673B1}.Release|Any CPU.ActiveCfg = Release|Any CPU
		{F48CBF6B-6979-4075-9425-69A5B2B673B1}.Release|Any CPU.Build.0 = Release|Any CPU
		{538AC808-DC73-49C6-8053-77D0F07A3B14}.Debug|Any CPU.ActiveCfg = Debug|Any CPU
		{538AC808-DC73-49C6-8053-77D0F07A3B14}.Debug|Any CPU.Build.0 = Debug|Any CPU
		{538AC808-DC73-49C6-8053-77D0F07A3B14}.Release|Any CPU.ActiveCfg = Release|Any CPU
		{538AC808-DC73-49C6-8053-77D0F07A3B14}.Release|Any CPU.Build.0 = Release|Any CPU
		{E419DE24-5C12-46FB-AAA1-426F54692E50}.Debug|Any CPU.ActiveCfg = Debug|Any CPU
		{E419DE24-5C12-46FB-AAA1-426F54692E50}.Debug|Any CPU.Build.0 = Debug|Any CPU
		{E419DE24-5C12-46FB-AAA1-426F54692E50}.Release|Any CPU.ActiveCfg = Release|Any CPU
		{E419DE24-5C12-46FB-AAA1-426F54692E50}.Release|Any CPU.Build.0 = Release|Any CPU
		{D8E3C63A-66A3-46EA-B0EF-9FA3F279396F}.Debug|Any CPU.ActiveCfg = Debug|Any CPU
		{D8E3C63A-66A3-46EA-B0EF-9FA3F279396F}.Debug|Any CPU.Build.0 = Debug|Any CPU
		{D8E3C63A-66A3-46EA-B0EF-9FA3F279396F}.Release|Any CPU.ActiveCfg = Release|Any CPU
		{D8E3C63A-66A3-46EA-B0EF-9FA3F279396F}.Release|Any CPU.Build.0 = Release|Any CPU
		{C7B667AD-DF3C-4420-BE37-0A1F8E13B197}.Debug|Any CPU.ActiveCfg = Debug|Any CPU
		{C7B667AD-DF3C-4420-BE37-0A1F8E13B197}.Debug|Any CPU.Build.0 = Debug|Any CPU
		{C7B667AD-DF3C-4420-BE37-0A1F8E13B197}.Release|Any CPU.ActiveCfg = Release|Any CPU
		{C7B667AD-DF3C-4420-BE37-0A1F8E13B197}.Release|Any CPU.Build.0 = Release|Any CPU
		{9CF287E8-AD7D-4F2B-B1B8-9AAEF33A70C1}.Debug|Any CPU.ActiveCfg = Debug|Any CPU
		{9CF287E8-AD7D-4F2B-B1B8-9AAEF33A70C1}.Debug|Any CPU.Build.0 = Debug|Any CPU
		{9CF287E8-AD7D-4F2B-B1B8-9AAEF33A70C1}.Release|Any CPU.ActiveCfg = Release|Any CPU
		{9CF287E8-AD7D-4F2B-B1B8-9AAEF33A70C1}.Release|Any CPU.Build.0 = Release|Any CPU
		{4A8CE9A3-9434-4791-AFBA-213E6D17FB64}.Debug|Any CPU.ActiveCfg = Debug|Any CPU
		{4A8CE9A3-9434-4791-AFBA-213E6D17FB64}.Debug|Any CPU.Build.0 = Debug|Any CPU
		{4A8CE9A3-9434-4791-AFBA-213E6D17FB64}.Release|Any CPU.ActiveCfg = Release|Any CPU
		{4A8CE9A3-9434-4791-AFBA-213E6D17FB64}.Release|Any CPU.Build.0 = Release|Any CPU
		{8654F9FA-007C-4E72-A73E-5BB488CDA16C}.Debug|Any CPU.ActiveCfg = Debug|Any CPU
		{8654F9FA-007C-4E72-A73E-5BB488CDA16C}.Debug|Any CPU.Build.0 = Debug|Any CPU
		{8654F9FA-007C-4E72-A73E-5BB488CDA16C}.Release|Any CPU.ActiveCfg = Release|Any CPU
		{8654F9FA-007C-4E72-A73E-5BB488CDA16C}.Release|Any CPU.Build.0 = Release|Any CPU
	EndGlobalSection
	GlobalSection(SolutionProperties) = preSolution
		HideSolutionNode = FALSE
	EndGlobalSection
	GlobalSection(NestedProjects) = preSolution
		{385E3184-F6DD-41B5-86EB-64F177BCCC2C} = {B742FD7E-8063-4A9B-ABBE-5E058A32C407}
		{6EC7C8D1-A2C0-4541-822A-97B1F76812B9} = {385E3184-F6DD-41B5-86EB-64F177BCCC2C}
		{5E2EB7F5-999D-4E0C-B9FA-556A02FE1DC6} = {FA8298E0-ABDD-40B7-A844-979BA5B35546}
		{0BF1F60A-C0A0-44BC-ADBC-B077EB555A93} = {B742FD7E-8063-4A9B-ABBE-5E058A32C407}
		{CF8604AD-A5DC-4A86-B81E-A721062BC58C} = {0BF1F60A-C0A0-44BC-ADBC-B077EB555A93}
		{D94AE203-4F01-406E-9BEC-D26B733BCCC0} = {B742FD7E-8063-4A9B-ABBE-5E058A32C407}
		{F48CBF6B-6979-4075-9425-69A5B2B673B1} = {D94AE203-4F01-406E-9BEC-D26B733BCCC0}
		{65316DBF-1CA3-4ADB-BE52-202F3FA4B83F} = {B742FD7E-8063-4A9B-ABBE-5E058A32C407}
		{538AC808-DC73-49C6-8053-77D0F07A3B14} = {65316DBF-1CA3-4ADB-BE52-202F3FA4B83F}
		{E419DE24-5C12-46FB-AAA1-426F54692E50} = {65316DBF-1CA3-4ADB-BE52-202F3FA4B83F}
		{D8E3C63A-66A3-46EA-B0EF-9FA3F279396F} = {65316DBF-1CA3-4ADB-BE52-202F3FA4B83F}
		{C7B667AD-DF3C-4420-BE37-0A1F8E13B197} = {65316DBF-1CA3-4ADB-BE52-202F3FA4B83F}
		{9CF287E8-AD7D-4F2B-B1B8-9AAEF33A70C1} = {FA8298E0-ABDD-40B7-A844-979BA5B35546}
		{4A8CE9A3-9434-4791-AFBA-213E6D17FB64} = {A318200B-3D1D-4BF4-AAA0-747623ABF649}
		{8654F9FA-007C-4E72-A73E-5BB488CDA16C} = {2EDFE404-2057-4A6E-B3A3-FE87C8881DD4}
	EndGlobalSection
	GlobalSection(ExtensibilityGlobals) = postSolution
		SolutionGuid = {E5FA60C9-F530-4C8E-82A0-19C901EFCA15}
	EndGlobalSection
EndGlobal
